<?xml version="1.0" encoding="utf-8"?>
<Project ToolsVersion="4.0" xmlns="http://schemas.microsoft.com/developer/msbuild/2003">
  <ItemGroup>
    <Filter Include="include">
      <UniqueIdentifier>{654ff61b-6152-4321-9f9c-943782952c54}</UniqueIdentifier>
      <Extensions>h;hpp;hxx;hm;inl;inc;xsd</Extensions>
    </Filter>
    <Filter Include="test">
      <UniqueIdentifier>{93995380-89BD-4b04-88EB-625FBE52EBFB}</UniqueIdentifier>
      <Extensions>h;hpp;hxx;hm;inl;inc;xsd;cpp;c;cc;cxx;def;odl;idl;hpj;bat;asm;asmx</Extensions>
    </Filter>
  </ItemGroup>
  <ItemGroup>
    <ClCompile Include="test\main.cpp">
      <Filter>test</Filter>
    </ClCompile>
    <ClCompile Include="stdafx.cpp" />
    <ClCompile Include="test\read_test.cpp">
      <Filter>test</Filter>
    </ClCompile>
    <ClCompile Include="test\write_test.cpp">
      <Filter>test</Filter>
    </ClCompile>
  </ItemGroup>
  <ItemGroup>
    <ClInclude Include="include\byte_fifo.h">
      <Filter>include</Filter>
    </ClInclude>
    <ClInclude Include="include\i_byte_fifo.h">
      <Filter>include</Filter>
    </ClInclude>
    <ClInclude Include="test\read_test.h">
      <Filter>test</Filter>
    </ClInclude>
    <ClInclude Include="test\write_test.h">
      <Filter>test</Filter>
    </ClInclude>
    <ClInclude Include="test\test_result.h">
      <Filter>test</Filter>
    </ClInclude>
    <ClInclude Include="test\thread_data.h">
      <Filter>test</Filter>
    </ClInclude>
    <ClInclude Include="stdafx.h" />
  </ItemGroup>
</Project>